
Microsoft Visual Studio Solution File, Format Version 12.00
# Visual Studio 15
VisualStudioVersion = 15.0.26430.13
MinimumVisualStudioVersion = 10.0.40219.1
Project("{2150E333-8FDC-42A3-9474-1A3956D46DE8}") = "1.Api", "1.Api", "{7743641F-EBB5-4F9B-BA4D-53436DAFE0EC}"
EndProject
Project("{2150E333-8FDC-42A3-9474-1A3956D46DE8}") = "2.1.Commad", "2.1.Commad", "{8A85B4A4-1102-4E6C-B0D7-747C0FEAA809}"
EndProject
Project("{2150E333-8FDC-42A3-9474-1A3956D46DE8}") = "2.2.Query", "2.2.Query", "{5145FF95-E973-4F07-890A-7E093612E528}"
EndProject
Project("{2150E333-8FDC-42A3-9474-1A3956D46DE8}") = "2.Stack", "2.Stack", "{97CE4EDA-7F1F-416C-A173-BC9BC3D36DC8}"
EndProject
Project("{2150E333-8FDC-42A3-9474-1A3956D46DE8}") = "3.Dominio", "3.Dominio", "{CD8B4C86-F0A1-438E-B678-115E78A49A08}"
EndProject
Project("{FAE04EC0-301F-11D3-BF4B-00C04F79EFBC}") = "ThinkerThings.Dominio.Usuarios", "ThinkerThings.Dominio.Usuarios\ThinkerThings.Dominio.Usuarios.csproj", "{59255E56-12A7-4214-A9B4-101051758F49}"
EndProject
Project("{FAE04EC0-301F-11D3-BF4B-00C04F79EFBC}") = "ThinkerThings.Usuarios.Command", "ThinkerThings.Usuarios.Command\ThinkerThings.Usuarios.Command.csproj", "{F85C6742-9F3F-4744-8825-A079E29046F9}"
EndProject
Project("{FAE04EC0-301F-11D3-BF4B-00C04F79EFBC}") = "ThinkerThings.Usuarios.Query", "ThinkerThings.Usuarios.Query\ThinkerThings.Usuarios.Query.csproj", "{EA195ACF-327E-4EBE-B00D-A5AEAB67EAE6}"
EndProject
Project("{2150E333-8FDC-42A3-9474-1A3956D46DE8}") = "4.Infra", "4.Infra", "{3DC7C7C8-2CD0-4051-874E-437FCAED1E51}"
EndProject
Project("{2150E333-8FDC-42A3-9474-1A3956D46DE8}") = "4.1.Data", "4.1.Data", "{DF549704-7393-4DA2-A828-199EA98B6C56}"
EndProject
Project("{FAE04EC0-301F-11D3-BF4B-00C04F79EFBC}") = "ThinkerThings.Usuarios.Data", "ThinkerThings.Usuario.Data\ThinkerThings.Usuarios.Data.csproj", "{338DE5A1-7747-47D6-8D68-FFFB27384755}"
EndProject
Project("{2150E333-8FDC-42A3-9474-1A3956D46DE8}") = "4.2.IoC", "4.2.IoC", "{92D11CFF-A513-4F54-A3C5-BF02AFC4FFB9}"
EndProject
Project("{FAE04EC0-301F-11D3-BF4B-00C04F79EFBC}") = "ThinkerThings.Usuarios.IoC", "ThinkerThings.Usuario.IoC\ThinkerThings.Usuarios.IoC.csproj", "{D1BB8525-69EB-43A4-9376-AA388B9B7B95}"
EndProject
Project("{FAE04EC0-301F-11D3-BF4B-00C04F79EFBC}") = "ThinkerThings.Dominio.Usuarios.Servico", "ThinkerThings.Dominio.Usuarios.Servico\ThinkerThings.Dominio.Usuarios.Servico.csproj", "{13C1E5CE-AB4D-4F92-B35F-6F89DDC73ABF}"
EndProject
Project("{FAE04EC0-301F-11D3-BF4B-00C04F79EFBC}") = "ThinkerThings.Usuarios.Command.Api", "ThinkerThings.Usuarios.Command.Api\ThinkerThings.Usuarios.Command.Api.csproj", "{B4511DDC-A436-4F02-B85A-59D2E6811FBD}"
EndProject
Project("{2150E333-8FDC-42A3-9474-1A3956D46DE8}") = "Test", "Test", "{3E5AE0FA-406C-47A0-958A-ACFAD7689D06}"
EndProject
Project("{FAE04EC0-301F-11D3-BF4B-00C04F79EFBC}") = "ThinkerThings.Usuarios.Command.Api.Test", "ThinkerThings.Usuarios.Command.Api.Test\ThinkerThings.Usuarios.Command.Api.Test.csproj", "{9203AB6E-818C-451C-BBD2-8C66B2EEE7F1}"
EndProject
Project("{2150E333-8FDC-42A3-9474-1A3956D46DE8}") = "4.3.EventBus", "4.3.EventBus", "{0481ADDC-022F-4CB6-BA98-2091FDF90C8A}"
EndProject
Project("{FAE04EC0-301F-11D3-BF4B-00C04F79EFBC}") = "EventBus", "EventBus\EventBus.csproj", "{B2E5CB87-919B-45A8-9F2A-49A8D6BAEC50}"
EndProject
Project("{FAE04EC0-301F-11D3-BF4B-00C04F79EFBC}") = "EventBusRabbitMQ", "EventBusRabbitMQ\EventBusRabbitMQ.csproj", "{C1C85A58-E298-4D22-B7EE-A08C99BD3F0D}"
EndProject
Project("{2150E333-8FDC-42A3-9474-1A3956D46DE8}") = "2.3.Event", "2.3.Event", "{58EA8067-8EA6-459B-A957-BB5DEB82D4E0}"
EndProject
Project("{FAE04EC0-301F-11D3-BF4B-00C04F79EFBC}") = "ThinkerThings.Usuarios.Event", "ThinkerThings.Usuarios.Event\ThinkerThings.Usuarios.Event.csproj", "{96FCFCF3-5BAC-432B-A627-BAF36D9C8397}"
EndProject
Global
	GlobalSection(SolutionConfigurationPlatforms) = preSolution
		Debug|Any CPU = Debug|Any CPU
		Release|Any CPU = Release|Any CPU
	EndGlobalSection
	GlobalSection(ProjectConfigurationPlatforms) = postSolution
		{59255E56-12A7-4214-A9B4-101051758F49}.Debug|Any CPU.ActiveCfg = Debug|Any CPU
		{59255E56-12A7-4214-A9B4-101051758F49}.Debug|Any CPU.Build.0 = Debug|Any CPU
		{59255E56-12A7-4214-A9B4-101051758F49}.Release|Any CPU.ActiveCfg = Release|Any CPU
		{59255E56-12A7-4214-A9B4-101051758F49}.Release|Any CPU.Build.0 = Release|Any CPU
		{F85C6742-9F3F-4744-8825-A079E29046F9}.Debug|Any CPU.ActiveCfg = Debug|Any CPU
		{F85C6742-9F3F-4744-8825-A079E29046F9}.Debug|Any CPU.Build.0 = Debug|Any CPU
		{F85C6742-9F3F-4744-8825-A079E29046F9}.Release|Any CPU.ActiveCfg = Release|Any CPU
		{F85C6742-9F3F-4744-8825-A079E29046F9}.Release|Any CPU.Build.0 = Release|Any CPU
		{EA195ACF-327E-4EBE-B00D-A5AEAB67EAE6}.Debug|Any CPU.ActiveCfg = Debug|Any CPU
		{EA195ACF-327E-4EBE-B00D-A5AEAB67EAE6}.Debug|Any CPU.Build.0 = Debug|Any CPU
		{EA195ACF-327E-4EBE-B00D-A5AEAB67EAE6}.Release|Any CPU.ActiveCfg = Release|Any CPU
		{EA195ACF-327E-4EBE-B00D-A5AEAB67EAE6}.Release|Any CPU.Build.0 = Release|Any CPU
		{338DE5A1-7747-47D6-8D68-FFFB27384755}.Debug|Any CPU.ActiveCfg = Debug|Any CPU
		{338DE5A1-7747-47D6-8D68-FFFB27384755}.Debug|Any CPU.Build.0 = Debug|Any CPU
		{338DE5A1-7747-47D6-8D68-FFFB27384755}.Release|Any CPU.ActiveCfg = Release|Any CPU
		{338DE5A1-7747-47D6-8D68-FFFB27384755}.Release|Any CPU.Build.0 = Release|Any CPU
		{D1BB8525-69EB-43A4-9376-AA388B9B7B95}.Debug|Any CPU.ActiveCfg = Debug|Any CPU
		{D1BB8525-69EB-43A4-9376-AA388B9B7B95}.Debug|Any CPU.Build.0 = Debug|Any CPU
		{D1BB8525-69EB-43A4-9376-AA388B9B7B95}.Release|Any CPU.ActiveCfg = Release|Any CPU
		{D1BB8525-69EB-43A4-9376-AA388B9B7B95}.Release|Any CPU.Build.0 = Release|Any CPU
		{13C1E5CE-AB4D-4F92-B35F-6F89DDC73ABF}.Debug|Any CPU.ActiveCfg = Debug|Any CPU
		{13C1E5CE-AB4D-4F92-B35F-6F89DDC73ABF}.Debug|Any CPU.Build.0 = Debug|Any CPU
		{13C1E5CE-AB4D-4F92-B35F-6F89DDC73ABF}.Release|Any CPU.ActiveCfg = Release|Any CPU
		{13C1E5CE-AB4D-4F92-B35F-6F89DDC73ABF}.Release|Any CPU.Build.0 = Release|Any CPU
		{B4511DDC-A436-4F02-B85A-59D2E6811FBD}.Debug|Any CPU.ActiveCfg = Debug|Any CPU
		{B4511DDC-A436-4F02-B85A-59D2E6811FBD}.Debug|Any CPU.Build.0 = Debug|Any CPU
		{B4511DDC-A436-4F02-B85A-59D2E6811FBD}.Release|Any CPU.ActiveCfg = Release|Any CPU
		{B4511DDC-A436-4F02-B85A-59D2E6811FBD}.Release|Any CPU.Build.0 = Release|Any CPU
		{9203AB6E-818C-451C-BBD2-8C66B2EEE7F1}.Debug|Any CPU.ActiveCfg = Debug|Any CPU
		{9203AB6E-818C-451C-BBD2-8C66B2EEE7F1}.Debug|Any CPU.Build.0 = Debug|Any CPU
		{9203AB6E-818C-451C-BBD2-8C66B2EEE7F1}.Release|Any CPU.ActiveCfg = Release|Any CPU
		{9203AB6E-818C-451C-BBD2-8C66B2EEE7F1}.Release|Any CPU.Build.0 = Release|Any CPU
		{B2E5CB87-919B-45A8-9F2A-49A8D6BAEC50}.Debug|Any CPU.ActiveCfg = Debug|Any CPU
		{B2E5CB87-919B-45A8-9F2A-49A8D6BAEC50}.Debug|Any CPU.Build.0 = Debug|Any CPU
		{B2E5CB87-919B-45A8-9F2A-49A8D6BAEC50}.Release|Any CPU.ActiveCfg = Release|Any CPU
		{B2E5CB87-919B-45A8-9F2A-49A8D6BAEC50}.Release|Any CPU.Build.0 = Release|Any CPU
		{C1C85A58-E298-4D22-B7EE-A08C99BD3F0D}.Debug|Any CPU.ActiveCfg = Debug|Any CPU
		{C1C85A58-E298-4D22-B7EE-A08C99BD3F0D}.Debug|Any CPU.Build.0 = Debug|Any CPU
		{C1C85A58-E298-4D22-B7EE-A08C99BD3F0D}.Release|Any CPU.ActiveCfg = Release|Any CPU
		{C1C85A58-E298-4D22-B7EE-A08C99BD3F0D}.Release|Any CPU.Build.0 = Release|Any CPU
		{96FCFCF3-5BAC-432B-A627-BAF36D9C8397}.Debug|Any CPU.ActiveCfg = Debug|Any CPU
		{96FCFCF3-5BAC-432B-A627-BAF36D9C8397}.Debug|Any CPU.Build.0 = Debug|Any CPU
		{96FCFCF3-5BAC-432B-A627-BAF36D9C8397}.Release|Any CPU.ActiveCfg = Release|Any CPU
		{96FCFCF3-5BAC-432B-A627-BAF36D9C8397}.Release|Any CPU.Build.0 = Release|Any CPU
	EndGlobalSection
	GlobalSection(SolutionProperties) = preSolution
		HideSolutionNode = FALSE
	EndGlobalSection
	GlobalSection(NestedProjects) = preSolution
		{8A85B4A4-1102-4E6C-B0D7-747C0FEAA809} = {97CE4EDA-7F1F-416C-A173-BC9BC3D36DC8}
		{5145FF95-E973-4F07-890A-7E093612E528} = {97CE4EDA-7F1F-416C-A173-BC9BC3D36DC8}
		{59255E56-12A7-4214-A9B4-101051758F49} = {CD8B4C86-F0A1-438E-B678-115E78A49A08}
		{F85C6742-9F3F-4744-8825-A079E29046F9} = {8A85B4A4-1102-4E6C-B0D7-747C0FEAA809}
		{EA195ACF-327E-4EBE-B00D-A5AEAB67EAE6} = {5145FF95-E973-4F07-890A-7E093612E528}
		{DF549704-7393-4DA2-A828-199EA98B6C56} = {3DC7C7C8-2CD0-4051-874E-437FCAED1E51}
		{338DE5A1-7747-47D6-8D68-FFFB27384755} = {DF549704-7393-4DA2-A828-199EA98B6C56}
		{92D11CFF-A513-4F54-A3C5-BF02AFC4FFB9} = {3DC7C7C8-2CD0-4051-874E-437FCAED1E51}
		{D1BB8525-69EB-43A4-9376-AA388B9B7B95} = {92D11CFF-A513-4F54-A3C5-BF02AFC4FFB9}
		{13C1E5CE-AB4D-4F92-B35F-6F89DDC73ABF} = {CD8B4C86-F0A1-438E-B678-115E78A49A08}
		{B4511DDC-A436-4F02-B85A-59D2E6811FBD} = {7743641F-EBB5-4F9B-BA4D-53436DAFE0EC}
		{3E5AE0FA-406C-47A0-958A-ACFAD7689D06} = {7743641F-EBB5-4F9B-BA4D-53436DAFE0EC}
		{9203AB6E-818C-451C-BBD2-8C66B2EEE7F1} = {3E5AE0FA-406C-47A0-958A-ACFAD7689D06}
		{0481ADDC-022F-4CB6-BA98-2091FDF90C8A} = {3DC7C7C8-2CD0-4051-874E-437FCAED1E51}
		{B2E5CB87-919B-45A8-9F2A-49A8D6BAEC50} = {0481ADDC-022F-4CB6-BA98-2091FDF90C8A}
		{C1C85A58-E298-4D22-B7EE-A08C99BD3F0D} = {0481ADDC-022F-4CB6-BA98-2091FDF90C8A}
		{58EA8067-8EA6-459B-A957-BB5DEB82D4E0} = {97CE4EDA-7F1F-416C-A173-BC9BC3D36DC8}
		{96FCFCF3-5BAC-432B-A627-BAF36D9C8397} = {58EA8067-8EA6-459B-A957-BB5DEB82D4E0}
	EndGlobalSection
EndGlobal
